PODS:
  - Nimble (3.0.0)
  - Quick (0.8.0)
  - SMHTTPClient (0.1.0)
  - Swifter (1.0.2)

DEPENDENCIES:
  - Nimble
  - Quick
  - SMHTTPClient (from `https://github.com/soutaro/SMHTTPClient.git`)
  - Swifter

EXTERNAL SOURCES:
  SMHTTPClient:
    :git: https://github.com/soutaro/SMHTTPClient.git

CHECKOUT OPTIONS:
  SMHTTPClient:
    :commit: aaf8b5c3897e5fe1a007313288ff7232ab853815
    :git: https://github.com/soutaro/SMHTTPClient.git

SPEC CHECKSUMS:
  Nimble: 4c353d43735b38b545cbb4cb91504588eb5de926
  Quick: 563d0f6ec5f72e394645adb377708639b7dd38ab
  SMHTTPClient: f66ea12e054716aeaa064b0f363909ba9559e006
  Swifter: 711617abaf291bf64e84284bb0ac50b939aca763

COCOAPODS: 0.39.0
