// !$*UTF8*$!
{
	archiveVersion = 1;
	classes = {
	};
	objectVersion = 46;
	objects = {

/* Begin PBXBuildFile section */
		96134D340856B01188846D2E /* Pods.framework in Frameworks */ = {isa = PBXBuildFile; fileRef = F5D998D5D4781AD5DE3F372F /* Pods.framework */; };
		AB913FEAD1DDD8B8FF95B965 /* Pods_UbiregiExtensionClientTests.framework in Frameworks */ = {isa = PBXBuildFile; fileRef = 4CD4B6C23FD6B4D136932278 /* Pods_UbiregiExtensionClientTests.framework */; };
		ABBEEF781BF23DBC00C3A80E /* UbiregiExtensionClient.framework in Frameworks */ = {isa = PBXBuildFile; fileRef = ABBEEF6D1BF23DBC00C3A80E /* UbiregiExtensionClient.framework */; };
		ABBEEF7D1BF23DBC00C3A80E /* UbiregiExtensionTests.swift in Sources */ = {isa = PBXBuildFile; fileRef = ABBEEF7C1BF23DBC00C3A80E /* UbiregiExtensionTests.swift */; };
		ABBEEF971BF2445200C3A80E /* UXCConstants.swift in Sources */ = {isa = PBXBuildFile; fileRef = ABBEEF951BF2445200C3A80E /* UXCConstants.swift */; };
		ABBEEF981BF2445200C3A80E /* UXCUbiregiExtension.swift in Sources */ = {isa = PBXBuildFile; fileRef = ABBEEF961BF2445200C3A80E /* UXCUbiregiExtension.swift */; };
		ABCA18321BF249C40086BB0B /* UXCAPIResponse.swift in Sources */ = {isa = PBXBuildFile; fileRef = ABCA18311BF249C40086BB0B /* UXCAPIResponse.swift */; };
		ABCA18341BF24C0F0086BB0B /* AddressHelper.swift in Sources */ = {isa = PBXBuildFile; fileRef = ABCA18331BF24C0F0086BB0B /* AddressHelper.swift */; };
		ABCA18361BF2EB7A0086BB0B /* UXCAPIClient.swift in Sources */ = {isa = PBXBuildFile; fileRef = ABCA18351BF2EB7A0086BB0B /* UXCAPIClient.swift */; };
		ABCC5A761BF4787900E35F85 /* APIResponseTests.swift in Sources */ = {isa = PBXBuildFile; fileRef = ABCC5A751BF4787900E35F85 /* APIResponseTests.swift */; };
		ABCC5A781BF4873B00E35F85 /* APIClientTests.swift in Sources */ = {isa = PBXBuildFile; fileRef = ABCC5A771BF4873B00E35F85 /* APIClientTests.swift */; };
		ABCC5A7A1BF86B5800E35F85 /* TestHelper.swift in Sources */ = {isa = PBXBuildFile; fileRef = ABCC5A791BF86B5800E35F85 /* TestHelper.swift */; };
/* End PBXBuildFile section */

/* Begin PBXContainerItemProxy section */
		ABBEEF791BF23DBC00C3A80E /* PBXContainerItemProxy */ = {
			isa = PBXContainerItemProxy;
			containerPortal = ABBEEF641BF23DBC00C3A80E /* Project object */;
			proxyType = 1;
			remoteGlobalIDString = ABBEEF6C1BF23DBC00C3A80E;
			remoteInfo = UbiregiExtensionClient;
		};
/* End PBXContainerItemProxy section */

/* Begin PBXFileReference section */
		2D00D5C356495F982BCAF95A /* Pods-UbiregiExtensionClientTests.debug.xcconfig */ = {isa = PBXFileReference; includeInIndex = 1; lastKnownFileType = text.xcconfig; name = "Pods-UbiregiExtensionClientTests.debug.xcconfig"; path = "Pods/Target Support Files/Pods-UbiregiExtensionClientTests/Pods-UbiregiExtensionClientTests.debug.xcconfig"; sourceTree = "<group>"; };
		4CD4B6C23FD6B4D136932278 /* Pods_UbiregiExtensionClientTests.framework */ = {isa = PBXFileReference; explicitFileType = wrapper.framework; includeInIndex = 0; path = Pods_UbiregiExtensionClientTests.framework; sourceTree = BUILT_PRODUCTS_DIR; };
		6837E029B62D87768076213A /* Pods-UbiregiExtensionClientTests.release.xcconfig */ = {isa = PBXFileReference; includeInIndex = 1; lastKnownFileType = text.xcconfig; name = "Pods-UbiregiExtensionClientTests.release.xcconfig"; path = "Pods/Target Support Files/Pods-UbiregiExtensionClientTests/Pods-UbiregiExtensionClientTests.release.xcconfig"; sourceTree = "<group>"; };
		ABBEEF6D1BF23DBC00C3A80E /* UbiregiExtensionClient.framework */ = {isa = PBXFileReference; explicitFileType = wrapper.framework; includeInIndex = 0; path = UbiregiExtensionClient.framework; sourceTree = BUILT_PRODUCTS_DIR; };
		ABBEEF771BF23DBC00C3A80E /* UbiregiExtensionClientTests.xctest */ = {isa = PBXFileReference; explicitFileType = wrapper.cfbundle; includeInIndex = 0; path = UbiregiExtensionClientTests.xctest; sourceTree = BUILT_PRODUCTS_DIR; };
		ABBEEF7C1BF23DBC00C3A80E /* UbiregiExtensionTests.swift */ = {isa = PBXFileReference; lastKnownFileType = sourcecode.swift; path = UbiregiExtensionTests.swift; sourceTree = "<group>"; };
		ABBEEF7E1BF23DBC00C3A80E /* Info.plist */ = {isa = PBXFileReference; lastKnownFileType = text.plist.xml; path = Info.plist; sourceTree = "<group>"; };
		ABBEEF881BF23E9900C3A80E /* Info.plist */ = {isa = PBXFileReference; fileEncoding = 4; lastKnownFileType = text.plist.xml; path = Info.plist; sourceTree = "<group>"; };
		ABBEEF951BF2445200C3A80E /* UXCConstants.swift */ = {isa = PBXFileReference; fileEncoding = 4; lastKnownFileType = sourcecode.swift; path = UXCConstants.swift; sourceTree = "<group>"; };
		ABBEEF961BF2445200C3A80E /* UXCUbiregiExtension.swift */ = {isa = PBXFileReference; fileEncoding = 4; lastKnownFileType = sourcecode.swift; path = UXCUbiregiExtension.swift; sourceTree = "<group>"; };
		ABCA18311BF249C40086BB0B /* UXCAPIResponse.swift */ = {isa = PBXFileReference; fileEncoding = 4; lastKnownFileType = sourcecode.swift; path = UXCAPIResponse.swift; sourceTree = "<group>"; };
		ABCA18331BF24C0F0086BB0B /* AddressHelper.swift */ = {isa = PBXFileReference; fileEncoding = 4; lastKnownFileType = sourcecode.swift; path = AddressHelper.swift; sourceTree = "<group>"; };
		ABCA18351BF2EB7A0086BB0B /* UXCAPIClient.swift */ = {isa = PBXFileReference; fileEncoding = 4; lastKnownFileType = sourcecode.swift; path = UXCAPIClient.swift; sourceTree = "<group>"; };
		ABCC5A751BF4787900E35F85 /* APIResponseTests.swift */ = {isa = PBXFileReference; fileEncoding = 4; lastKnownFileType = sourcecode.swift; path = APIResponseTests.swift; sourceTree = "<group>"; };
		ABCC5A771BF4873B00E35F85 /* APIClientTests.swift */ = {isa = PBXFileReference; fileEncoding = 4; lastKnownFileType = sourcecode.swift; path = APIClientTests.swift; sourceTree = "<group>"; };
		ABCC5A791BF86B5800E35F85 /* TestHelper.swift */ = {isa = PBXFileReference; fileEncoding = 4; lastKnownFileType = sourcecode.swift; path = TestHelper.swift; sourceTree = "<group>"; };
		D8D3AD814137B6B0D887FEF8 /* Pods.release.xcconfig */ = {isa = PBXFileReference; includeInIndex = 1; lastKnownFileType = text.xcconfig; name = Pods.release.xcconfig; path = "Pods/Target Support Files/Pods/Pods.release.xcconfig"; sourceTree = "<group>"; };
		F088A731CBEAB835EA1F0FDB /* Pods.debug.xcconfig */ = {isa = PBXFileReference; includeInIndex = 1; lastKnownFileType = text.xcconfig; name = Pods.debug.xcconfig; path = "Pods/Target Support Files/Pods/Pods.debug.xcconfig"; sourceTree = "<group>"; };
		F5D998D5D4781AD5DE3F372F /* Pods.framework */ = {isa = PBXFileReference; explicitFileType = wrapper.framework; includeInIndex = 0; path = Pods.framework; sourceTree = BUILT_PRODUCTS_DIR; };
/* End PBXFileReference section */

/* Begin PBXFrameworksBuildPhase section */
		ABBEEF691BF23DBC00C3A80E /* Frameworks */ = {
			isa = PBXFrameworksBuildPhase;
			buildActionMask = 2147483647;
			files = (
				96134D340856B01188846D2E /* Pods.framework in Frameworks */,
			);
			runOnlyForDeploymentPostprocessing = 0;
		};
		ABBEEF741BF23DBC00C3A80E /* Frameworks */ = {
			isa = PBXFrameworksBuildPhase;
			buildActionMask = 2147483647;
			files = (
				ABBEEF781BF23DBC00C3A80E /* UbiregiExtensionClient.framework in Frameworks */,
				AB913FEAD1DDD8B8FF95B965 /* Pods_UbiregiExtensionClientTests.framework in Frameworks */,
			);
			runOnlyForDeploymentPostprocessing = 0;
		};
/* End PBXFrameworksBuildPhase section */

/* Begin PBXGroup section */
		4993F11E14261FDB5D48CF7D /* Frameworks */ = {
			isa = PBXGroup;
			children = (
				F5D998D5D4781AD5DE3F372F /* Pods.framework */,
				4CD4B6C23FD6B4D136932278 /* Pods_UbiregiExtensionClientTests.framework */,
			);
			name = Frameworks;
			sourceTree = "<group>";
		};
		ABBEEF631BF23DBC00C3A80E = {
			isa = PBXGroup;
			children = (
				ABBEEF941BF2443C00C3A80E /* Classes */,
				ABBEEF8A1BF23EDE00C3A80E /* UbiregiExtensionClient */,
				ABBEEF7B1BF23DBC00C3A80E /* UbiregiExtensionClientTests */,
				ABBEEF6E1BF23DBC00C3A80E /* Products */,
				B0018F3001DF63D4222BAB48 /* Pods */,
				4993F11E14261FDB5D48CF7D /* Frameworks */,
			);
			sourceTree = "<group>";
		};
		ABBEEF6E1BF23DBC00C3A80E /* Products */ = {
			isa = PBXGroup;
			children = (
				ABBEEF6D1BF23DBC00C3A80E /* UbiregiExtensionClient.framework */,
				ABBEEF771BF23DBC00C3A80E /* UbiregiExtensionClientTests.xctest */,
			);
			name = Products;
			sourceTree = "<group>";
		};
		ABBEEF7B1BF23DBC00C3A80E /* UbiregiExtensionClientTests */ = {
			isa = PBXGroup;
			children = (
				ABBEEF7E1BF23DBC00C3A80E /* Info.plist */,
				ABCC5A771BF4873B00E35F85 /* APIClientTests.swift */,
				ABCC5A751BF4787900E35F85 /* APIResponseTests.swift */,
				ABCC5A791BF86B5800E35F85 /* TestHelper.swift */,
				ABBEEF7C1BF23DBC00C3A80E /* UbiregiExtensionTests.swift */,
			);
			path = UbiregiExtensionClientTests;
			sourceTree = "<group>";
		};
		ABBEEF8A1BF23EDE00C3A80E /* UbiregiExtensionClient */ = {
			isa = PBXGroup;
			children = (
				ABBEEF881BF23E9900C3A80E /* Info.plist */,
			);
			path = UbiregiExtensionClient;
			sourceTree = "<group>";
		};
		ABBEEF941BF2443C00C3A80E /* Classes */ = {
			isa = PBXGroup;
			children = (
				ABCA18331BF24C0F0086BB0B /* AddressHelper.swift */,
				ABCA18351BF2EB7A0086BB0B /* UXCAPIClient.swift */,
				ABCA18311BF249C40086BB0B /* UXCAPIResponse.swift */,
				ABBEEF951BF2445200C3A80E /* UXCConstants.swift */,
				ABBEEF961BF2445200C3A80E /* UXCUbiregiExtension.swift */,
			);
			name = Classes;
			path = Pod/Classes;
			sourceTree = "<group>";
		};
		B0018F3001DF63D4222BAB48 /* Pods */ = {
			isa = PBXGroup;
			children = (
				F088A731CBEAB835EA1F0FDB /* Pods.debug.xcconfig */,
				D8D3AD814137B6B0D887FEF8 /* Pods.release.xcconfig */,
				2D00D5C356495F982BCAF95A /* Pods-UbiregiExtensionClientTests.debug.xcconfig */,
				6837E029B62D87768076213A /* Pods-UbiregiExtensionClientTests.release.xcconfig */,
			);
			name = Pods;
			sourceTree = "<group>";
		};
/* End PBXGroup section */

/* Begin PBXHeadersBuildPhase section */
		ABBEEF6A1BF23DBC00C3A80E /* Headers */ = {
			isa = PBXHeadersBuildPhase;
			buildActionMask = 2147483647;
			files = (
			);
			runOnlyForDeploymentPostprocessing = 0;
		};
/* End PBXHeadersBuildPhase section */

/* Begin PBXNativeTarget section */
		ABBEEF6C1BF23DBC00C3A80E /* UbiregiExtensionClient */ = {
			isa = PBXNativeTarget;
			buildConfigurationList = ABBEEF811BF23DBC00C3A80E /* Build configuration list for PBXNativeTarget "UbiregiExtensionClient" */;
			buildPhases = (
				DA6C4CBF00ED2E2AD5A3548C /* Check Pods Manifest.lock */,
				ABBEEF681BF23DBC00C3A80E /* Sources */,
				ABBEEF691BF23DBC00C3A80E /* Frameworks */,
				ABBEEF6A1BF23DBC00C3A80E /* Headers */,
				ABBEEF6B1BF23DBC00C3A80E /* Resources */,
				C88649DF2BA38CB44D89EF7C /* Copy Pods Resources */,
			);
			buildRules = (
			);
			dependencies = (
			);
			name = UbiregiExtensionClient;
			productName = UbiregiExtensionClient;
			productReference = ABBEEF6D1BF23DBC00C3A80E /* UbiregiExtensionClient.framework */;
			productType = "com.apple.product-type.framework";
		};
		ABBEEF761BF23DBC00C3A80E /* UbiregiExtensionClientTests */ = {
			isa = PBXNativeTarget;
			buildConfigurationList = ABBEEF841BF23DBC00C3A80E /* Build configuration list for PBXNativeTarget "UbiregiExtensionClientTests" */;
			buildPhases = (
				3CAEBDF35C10004CDC98775E /* Check Pods Manifest.lock */,
				ABBEEF731BF23DBC00C3A80E /* Sources */,
				ABBEEF741BF23DBC00C3A80E /* Frameworks */,
				ABBEEF751BF23DBC00C3A80E /* Resources */,
				A1DB6F2E431585C88B7C84AE /* Embed Pods Frameworks */,
				0321ABE415473AA18F5A8D34 /* Copy Pods Resources */,
			);
			buildRules = (
			);
			dependencies = (
				ABBEEF7A1BF23DBC00C3A80E /* PBXTargetDependency */,
			);
			name = UbiregiExtensionClientTests;
			productName = UbiregiExtensionClientTests;
			productReference = ABBEEF771BF23DBC00C3A80E /* UbiregiExtensionClientTests.xctest */;
			productType = "com.apple.product-type.bundle.unit-test";
		};
/* End PBXNativeTarget section */

/* Begin PBXProject section */
		ABBEEF641BF23DBC00C3A80E /* Project object */ = {
			isa = PBXProject;
			attributes = {
				LastSwiftUpdateCheck = 0710;
				LastUpgradeCheck = 0710;
				ORGANIZATIONNAME = "Ubiregi Inc.";
				TargetAttributes = {
					ABBEEF6C1BF23DBC00C3A80E = {
						CreatedOnToolsVersion = 7.1;
					};
					ABBEEF761BF23DBC00C3A80E = {
						CreatedOnToolsVersion = 7.1;
					};
				};
			};
			buildConfigurationList = ABBEEF671BF23DBC00C3A80E /* Build configuration list for PBXProject "UbiregiExtensionClient" */;
			compatibilityVersion = "Xcode 3.2";
			developmentRegion = English;
			hasScannedForEncodings = 0;
			knownRegions = (
				en,
			);
			mainGroup = ABBEEF631BF23DBC00C3A80E;
			productRefGroup = ABBEEF6E1BF23DBC00C3A80E /* Products */;
			projectDirPath = "";
			projectRoot = "";
			targets = (
				ABBEEF6C1BF23DBC00C3A80E /* UbiregiExtensionClient */,
				ABBEEF761BF23DBC00C3A80E /* UbiregiExtensionClientTests */,
			);
		};
/* End PBXProject section */

/* Begin PBXResourcesBuildPhase section */
		ABBEEF6B1BF23DBC00C3A80E /* Resources */ = {
			isa = PBXResourcesBuildPhase;
			buildActionMask = 2147483647;
			files = (
			);
			runOnlyForDeploymentPostprocessing = 0;
		};
		ABBEEF751BF23DBC00C3A80E /* Resources */ = {
			isa = PBXResourcesBuildPhase;
			buildActionMask = 2147483647;
			files = (
			);
			runOnlyForDeploymentPostprocessing = 0;
		};
/* End PBXResourcesBuildPhase section */

/* Begin PBXShellScriptBuildPhase section */
		0321ABE415473AA18F5A8D34 /* Copy Pods Resources */ = {
			isa = PBXShellScriptBuildPhase;
			buildActionMask = 2147483647;
			files = (
			);
			inputPaths = (
			);
			name = "Copy Pods Resources";
			outputPaths = (
			);
			runOnlyForDeploymentPostprocessing = 0;
			shellPath = /bin/sh;
			shellScript = "\"${SRCROOT}/Pods/Target Support Files/Pods-UbiregiExtensionClientTests/Pods-UbiregiExtensionClientTests-resources.sh\"\n";
			showEnvVarsInLog = 0;
		};
		3CAEBDF35C10004CDC98775E /* Check Pods Manifest.lock */ = {
			isa = PBXShellScriptBuildPhase;
			buildActionMask = 2147483647;
			files = (
			);
			inputPaths = (
			);
			name = "Check Pods Manifest.lock";
			outputPaths = (
			);
			runOnlyForDeploymentPostprocessing = 0;
			shellPath = /bin/sh;
			shellScript = "diff \"${PODS_ROOT}/../Podfile.lock\" \"${PODS_ROOT}/Manifest.lock\" > /dev/null\nif [[ $? != 0 ]] ; then\n    cat << EOM\nerror: The sandbox is not in sync with the Podfile.lock. Run 'pod install' or update your CocoaPods installation.\nEOM\n    exit 1\nfi\n";
			showEnvVarsInLog = 0;
		};
		A1DB6F2E431585C88B7C84AE /* Embed Pods Frameworks */ = {
			isa = PBXShellScriptBuildPhase;
			buildActionMask = 2147483647;
			files = (
			);
			inputPaths = (
			);
			name = "Embed Pods Frameworks";
			outputPaths = (
			);
			runOnlyForDeploymentPostprocessing = 0;
			shellPath = /bin/sh;
			shellScript = "\"${SRCROOT}/Pods/Target Support Files/Pods-UbiregiExtensionClientTests/Pods-UbiregiExtensionClientTests-frameworks.sh\"\n";
			showEnvVarsInLog = 0;
		};
		C88649DF2BA38CB44D89EF7C /* Copy Pods Resources */ = {
			isa = PBXShellScriptBuildPhase;
			buildActionMask = 2147483647;
			files = (
			);
			inputPaths = (
			);
			name = "Copy Pods Resources";
			outputPaths = (
			);
			runOnlyForDeploymentPostprocessing = 0;
			shellPath = /bin/sh;
			shellScript = "\"${SRCROOT}/Pods/Target Support Files/Pods/Pods-resources.sh\"\n";
			showEnvVarsInLog = 0;
		};
		DA6C4CBF00ED2E2AD5A3548C /* Check Pods Manifest.lock */ = {
			isa = PBXShellScriptBuildPhase;
			buildActionMask = 2147483647;
			files = (
			);
			inputPaths = (
			);
			name = "Check Pods Manifest.lock";
			outputPaths = (
			);
			runOnlyForDeploymentPostprocessing = 0;
			shellPath = /bin/sh;
			shellScript = "diff \"${PODS_ROOT}/../Podfile.lock\" \"${PODS_ROOT}/Manifest.lock\" > /dev/null\nif [[ $? != 0 ]] ; then\n    cat << EOM\nerror: The sandbox is not in sync with the Podfile.lock. Run 'pod install' or update your CocoaPods installation.\nEOM\n    exit 1\nfi\n";
			showEnvVarsInLog = 0;
		};
/* End PBXShellScriptBuildPhase section */

/* Begin PBXSourcesBuildPhase section */
		ABBEEF681BF23DBC00C3A80E /* Sources */ = {
			isa = PBXSourcesBuildPhase;
			buildActionMask = 2147483647;
			files = (
				ABCA18341BF24C0F0086BB0B /* AddressHelper.swift in Sources */,
				ABCA18321BF249C40086BB0B /* UXCAPIResponse.swift in Sources */,
				ABCA18361BF2EB7A0086BB0B /* UXCAPIClient.swift in Sources */,
				ABBEEF981BF2445200C3A80E /* UXCUbiregiExtension.swift in Sources */,
				ABBEEF971BF2445200C3A80E /* UXCConstants.swift in Sources */,
			);
			runOnlyForDeploymentPostprocessing = 0;
		};
		ABBEEF731BF23DBC00C3A80E /* Sources */ = {
			isa = PBXSourcesBuildPhase;
			buildActionMask = 2147483647;
			files = (
				ABBEEF7D1BF23DBC00C3A80E /* UbiregiExtensionTests.swift in Sources */,
				ABCC5A781BF4873B00E35F85 /* APIClientTests.swift in Sources */,
				ABCC5A761BF4787900E35F85 /* APIResponseTests.swift in Sources */,
				ABCC5A7A1BF86B5800E35F85 /* TestHelper.swift in Sources */,
			);
			runOnlyForDeploymentPostprocessing = 0;
		};
/* End PBXSourcesBuildPhase section */

/* Begin PBXTargetDependency section */
		ABBEEF7A1BF23DBC00C3A80E /* PBXTargetDependency */ = {
			isa = PBXTargetDependency;
			target = ABBEEF6C1BF23DBC00C3A80E /* UbiregiExtensionClient */;
			targetProxy = ABBEEF791BF23DBC00C3A80E /* PBXContainerItemProxy */;
		};
/* End PBXTargetDependency section */

/* Begin XCBuildConfiguration section */
		ABBEEF7F1BF23DBC00C3A80E /* Debug */ = {
			isa = XCBuildConfiguration;
			buildSettings = {
				ALWAYS_SEARCH_USER_PATHS = NO;
				CLANG_CXX_LANGUAGE_STANDARD = "gnu++0x";
				CLANG_CXX_LIBRARY = "libc++";
				CLANG_ENABLE_MODULES = YES;
				CLANG_ENABLE_OBJC_ARC = YES;
				CLANG_WARN_BOOL_CONVERSION = YES;
				CLANG_WARN_CONSTANT_CONVERSION = YES;
				CLANG_WARN_DIRECT_OBJC_ISA_USAGE = YES_ERROR;
				CLANG_WARN_EMPTY_BODY = YES;
				CLANG_WARN_ENUM_CONVERSION = YES;
				CLANG_WARN_INT_CONVERSION = YES;
				CLANG_WARN_OBJC_ROOT_CLASS = YES_ERROR;
				CLANG_WARN_UNREACHABLE_CODE = YES;
				CLANG_WARN__DUPLICATE_METHOD_MATCH = YES;
				"CODE_SIGN_IDENTITY[sdk=iphoneos*]" = "iPhone Developer";
				COPY_PHASE_STRIP = NO;
				CURRENT_PROJECT_VERSION = 1;
				DEBUG_INFORMATION_FORMAT = dwarf;
				ENABLE_STRICT_OBJC_MSGSEND = YES;
				ENABLE_TESTABILITY = YES;
				GCC_C_LANGUAGE_STANDARD = gnu99;
				GCC_DYNAMIC_NO_PIC = NO;
				GCC_NO_COMMON_BLOCKS = YES;
				GCC_OPTIMIZATION_LEVEL = 0;
				GCC_PREPROCESSOR_DEFINITIONS = (
					"DEBUG=1",
					"$(inherited)",
				);
				GCC_WARN_64_TO_32_BIT_CONVERSION = YES;
				GCC_WARN_ABOUT_RETURN_TYPE = YES_ERROR;
				GCC_WARN_UNDECLARED_SELECTOR = YES;
				GCC_WARN_UNINITIALIZED_AUTOS = YES_AGGRESSIVE;
				GCC_WARN_UNUSED_FUNCTION = YES;
				GCC_WARN_UNUSED_VARIABLE = YES;
				IPHONEOS_DEPLOYMENT_TARGET = 9.1;
				MTL_ENABLE_DEBUG_INFO = YES;
				ONLY_ACTIVE_ARCH = YES;
				SDKROOT = iphoneos;
				SWIFT_OPTIMIZATION_LEVEL = "-Onone";
				TARGETED_DEVICE_FAMILY = "1,2";
				VERSIONING_SYSTEM = "apple-generic";
				VERSION_INFO_PREFIX = "";
			};
			name = Debug;
		};
		ABBEEF801BF23DBC00C3A80E /* Release */ = {
			isa = XCBuildConfiguration;
			buildSettings = {
				ALWAYS_SEARCH_USER_PATHS = NO;
				CLANG_CXX_LANGUAGE_STANDARD = "gnu++0x";
				CLANG_CXX_LIBRARY = "libc++";
				CLANG_ENABLE_MODULES = YES;
				CLANG_ENABLE_OBJC_ARC = YES;
				CLANG_WARN_BOOL_CONVERSION = YES;
				CLANG_WARN_CONSTANT_CONVERSION = YES;
				CLANG_WARN_DIRECT_OBJC_ISA_USAGE = YES_ERROR;
				CLANG_WARN_EMPTY_BODY = YES;
				CLANG_WARN_ENUM_CONVERSION = YES;
				CLANG_WARN_INT_CONVERSION = YES;
				CLANG_WARN_OBJC_ROOT_CLASS = YES_ERROR;
				CLANG_WARN_UNREACHABLE_CODE = YES;
				CLANG_WARN__DUPLICATE_METHOD_MATCH = YES;
				"CODE_SIGN_IDENTITY[sdk=iphoneos*]" = "iPhone Developer";
				COPY_PHASE_STRIP = NO;
				CURRENT_PROJECT_VERSION = 1;
				DEBUG_INFORMATION_FORMAT = "dwarf-with-dsym";
				ENABLE_NS_ASSERTIONS = NO;
				ENABLE_STRICT_OBJC_MSGSEND = YES;
				GCC_C_LANGUAGE_STANDARD = gnu99;
				GCC_NO_COMMON_BLOCKS = YES;
				GCC_WARN_64_TO_32_BIT_CONVERSION = YES;
				GCC_WARN_ABOUT_RETURN_TYPE = YES_ERROR;
				GCC_WARN_UNDECLARED_SELECTOR = YES;
				GCC_WARN_UNINITIALIZED_AUTOS = YES_AGGRESSIVE;
				GCC_WARN_UNUSED_FUNCTION = YES;
				GCC_WARN_UNUSED_VARIABLE = YES;
				IPHONEOS_DEPLOYMENT_TARGET = 9.1;
				MTL_ENABLE_DEBUG_INFO = NO;
				SDKROOT = iphoneos;
				TARGETED_DEVICE_FAMILY = "1,2";
				VALIDATE_PRODUCT = YES;
				VERSIONING_SYSTEM = "apple-generic";
				VERSION_INFO_PREFIX = "";
			};
			name = Release;
		};
		ABBEEF821BF23DBC00C3A80E /* Debug */ = {
			isa = XCBuildConfiguration;
			baseConfigurationReference = F088A731CBEAB835EA1F0FDB /* Pods.debug.xcconfig */;
			buildSettings = {
				CLANG_ENABLE_MODULES = YES;
				DEFINES_MODULE = YES;
				DYLIB_COMPATIBILITY_VERSION = 1;
				DYLIB_CURRENT_VERSION = 1;
				DYLIB_INSTALL_NAME_BASE = "@rpath";
				INFOPLIST_FILE = "$(SRCROOT)/UbiregiExtensionClient/Info.plist";
				INSTALL_PATH = "$(LOCAL_LIBRARY_DIR)/Frameworks";
				LD_RUNPATH_SEARCH_PATHS = "$(inherited) @executable_path/Frameworks @loader_path/Frameworks";
				PRODUCT_BUNDLE_IDENTIFIER = com.ubiregi.UbiregiExtensionClient;
				PRODUCT_NAME = "$(TARGET_NAME)";
				SKIP_INSTALL = YES;
				SWIFT_OPTIMIZATION_LEVEL = "-Onone";
			};
			name = Debug;
		};
		ABBEEF831BF23DBC00C3A80E /* Release */ = {
			isa = XCBuildConfiguration;
			baseConfigurationReference = D8D3AD814137B6B0D887FEF8 /* Pods.release.xcconfig */;
			buildSettings = {
				CLANG_ENABLE_MODULES = YES;
				DEFINES_MODULE = YES;
				DYLIB_COMPATIBILITY_VERSION = 1;
				DYLIB_CURRENT_VERSION = 1;
				DYLIB_INSTALL_NAME_BASE = "@rpath";
				INFOPLIST_FILE = "$(SRCROOT)/UbiregiExtensionClient/Info.plist";
				INSTALL_PATH = "$(LOCAL_LIBRARY_DIR)/Frameworks";
				LD_RUNPATH_SEARCH_PATHS = "$(inherited) @executable_path/Frameworks @loader_path/Frameworks";
				PRODUCT_BUNDLE_IDENTIFIER = com.ubiregi.UbiregiExtensionClient;
				PRODUCT_NAME = "$(TARGET_NAME)";
				SKIP_INSTALL = YES;
			};
			name = Release;
		};
		ABBEEF851BF23DBC00C3A80E /* Debug */ = {
			isa = XCBuildConfiguration;
			baseConfigurationReference = 2D00D5C356495F982BCAF95A /* Pods-UbiregiExtensionClientTests.debug.xcconfig */;
			buildSettings = {
				CLANG_ENABLE_MODULES = YES;
				INFOPLIST_FILE = UbiregiExtensionClientTests/Info.plist;
				LD_RUNPATH_SEARCH_PATHS = "$(inherited) @executable_path/Frameworks @loader_path/Frameworks";
				PRODUCT_BUNDLE_IDENTIFIER = com.ubiregi.UbiregiExtensionClientTests;
				PRODUCT_NAME = "$(TARGET_NAME)";
				SWIFT_OBJC_BRIDGING_HEADER = "";
				SWIFT_OPTIMIZATION_LEVEL = "-Onone";
			};
			name = Debug;
		};
		ABBEEF861BF23DBC00C3A80E /* Release */ = {
			isa = XCBuildConfiguration;
			baseConfigurationReference = 6837E029B62D87768076213A /* Pods-UbiregiExtensionClientTests.release.xcconfig */;
			buildSettings = {
				CLANG_ENABLE_MODULES = YES;
				INFOPLIST_FILE = UbiregiExtensionClientTests/Info.plist;
				LD_RUNPATH_SEARCH_PATHS = "$(inherited) @executable_path/Frameworks @loader_path/Frameworks";
				PRODUCT_BUNDLE_IDENTIFIER = com.ubiregi.UbiregiExtensionClientTests;
				PRODUCT_NAME = "$(TARGET_NAME)";
				SWIFT_OBJC_BRIDGING_HEADER = "";
			};
			name = Release;
		};
/* End XCBuildConfiguration section */

/* Begin XCConfigurationList section */
		ABBEEF671BF23DBC00C3A80E /* Build configuration list for PBXProject "UbiregiExtensionClient" */ = {
			isa = XCConfigurationList;
			buildConfigurations = (
				ABBEEF7F1BF23DBC00C3A80E /* Debug */,
				ABBEEF801BF23DBC00C3A80E /* Release */,
			);
			defaultConfigurationIsVisible = 0;
			defaultConfigurationName = Release;
		};
		ABBEEF811BF23DBC00C3A80E /* Build configuration list for PBXNativeTarget "UbiregiExtensionClient" */ = {
			isa = XCConfigurationList;
			buildConfigurations = (
				ABBEEF821BF23DBC00C3A80E /* Debug */,
				ABBEEF831BF23DBC00C3A80E /* Release */,
			);
			defaultConfigurationIsVisible = 0;
			defaultConfigurationName = Release;
		};
		ABBEEF841BF23DBC00C3A80E /* Build configuration list for PBXNativeTarget "UbiregiExtensionClientTests" */ = {
			isa = XCConfigurationList;
			buildConfigurations = (
				ABBEEF851BF23DBC00C3A80E /* Debug */,
				ABBEEF861BF23DBC00C3A80E /* Release */,
			);
			defaultConfigurationIsVisible = 0;
			defaultConfigurationName = Release;
		};
/* End XCConfigurationList section */
	};
	rootObject = ABBEEF641BF23DBC00C3A80E /* Project object */;
}
